
Microsoft Visual Studio Solution File, Format Version 12.00
# Visual Studio Version 16
VisualStudioVersion = 16.0.31829.152
MinimumVisualStudioVersion = 10.0.40219.1
Project("{FAE04EC0-301F-11D3-BF4B-00C04F79EFBC}") = "DailyReport", "DailyReport\DailyReport.csproj", "{F6E6E81C-120A-4D27-9E75-7DBD297AA799}"
EndProject
Global
	GlobalSection(SolutionConfigurationPlatforms) = preSolution
		Debug|Any CPU = Debug|Any CPU
		Release|Any CPU = Release|Any CPU
	EndGlobalSection
	GlobalSection(ProjectConfigurationPlatforms) = postSolution
		{F6E6E81C-120A-4D27-9E75-7DBD297AA799}.Debug|Any CPU.ActiveCfg = Debug|Any CPU
		{F6E6E81C-120A-4D27-9E75-7DBD297AA799}.Debug|Any CPU.Build.0 = Debug|Any CPU
		{F6E6E81C-120A-4D27-9E75-7DBD297AA799}.Release|Any CPU.ActiveCfg = Release|Any CPU
		{F6E6E81C-120A-4D27-9E75-7DBD297AA799}.Release|Any CPU.Build.0 = Release|Any CPU
	EndGlobalSection
	GlobalSection(SolutionProperties) = preSolution
		HideSolutionNode = FALSE
	EndGlobalSection
	GlobalSection(ExtensibilityGlobals) = postSolution
		SolutionGuid = {1F0852AE-54FF-43C6-BDBA-FF4E03C93ECD}
	EndGlobalSection
EndGlobal
