
Microsoft Visual Studio Solution File, Format Version 12.00
# Visual Studio Version 16
VisualStudioVersion = 16.0.31829.152
MinimumVisualStudioVersion = 10.0.40219.1
Project("{FAE04EC0-301F-11D3-BF4B-00C04F79EFBC}") = "ConstVariableApp", "ConstVariableApp\ConstVariableApp.csproj", "{8CC6B7F2-DFB1-42C3-B169-33BE8048706E}"
EndProject
Global
	GlobalSection(SolutionConfigurationPlatforms) = preSolution
		Debug|Any CPU = Debug|Any CPU
		Release|Any CPU = Release|Any CPU
	EndGlobalSection
	GlobalSection(ProjectConfigurationPlatforms) = postSolution
		{8CC6B7F2-DFB1-42C3-B169-33BE8048706E}.Debug|Any CPU.ActiveCfg = Debug|Any CPU
		{8CC6B7F2-DFB1-42C3-B169-33BE8048706E}.Debug|Any CPU.Build.0 = Debug|Any CPU
		{8CC6B7F2-DFB1-42C3-B169-33BE8048706E}.Release|Any CPU.ActiveCfg = Release|Any CPU
		{8CC6B7F2-DFB1-42C3-B169-33BE8048706E}.Release|Any CPU.Build.0 = Release|Any CPU
	EndGlobalSection
	GlobalSection(SolutionProperties) = preSolution
		HideSolutionNode = FALSE
	EndGlobalSection
	GlobalSection(ExtensibilityGlobals) = postSolution
		SolutionGuid = {43D9202C-0786-46E9-8568-CEB546F5764A}
	EndGlobalSection
EndGlobal
