
Microsoft Visual Studio Solution File, Format Version 12.00
# Visual Studio Version 16
VisualStudioVersion = 16.0.31829.152
MinimumVisualStudioVersion = 10.0.40219.1
Project("{FAE04EC0-301F-11D3-BF4B-00C04F79EFBC}") = "AcmeAccounting.cs", "AcmeAccounting.cs\AcmeAccounting.cs.csproj", "{058F2DA5-9B09-495E-B0D1-E448BD2985A1}"
EndProject
Global
	GlobalSection(SolutionConfigurationPlatforms) = preSolution
		Debug|Any CPU = Debug|Any CPU
		Release|Any CPU = Release|Any CPU
	EndGlobalSection
	GlobalSection(ProjectConfigurationPlatforms) = postSolution
		{058F2DA5-9B09-495E-B0D1-E448BD2985A1}.Debug|Any CPU.ActiveCfg = Debug|Any CPU
		{058F2DA5-9B09-495E-B0D1-E448BD2985A1}.Debug|Any CPU.Build.0 = Debug|Any CPU
		{058F2DA5-9B09-495E-B0D1-E448BD2985A1}.Release|Any CPU.ActiveCfg = Release|Any CPU
		{058F2DA5-9B09-495E-B0D1-E448BD2985A1}.Release|Any CPU.Build.0 = Release|Any CPU
	EndGlobalSection
	GlobalSection(SolutionProperties) = preSolution
		HideSolutionNode = FALSE
	EndGlobalSection
	GlobalSection(ExtensibilityGlobals) = postSolution
		SolutionGuid = {6B89D113-904B-41ED-A741-9D4027BE7B4F}
	EndGlobalSection
EndGlobal
