
Microsoft Visual Studio Solution File, Format Version 12.00
# Visual Studio Version 16
VisualStudioVersion = 16.0.31829.152
MinimumVisualStudioVersion = 10.0.40219.1
Project("{FAE04EC0-301F-11D3-BF4B-00C04F79EFBC}") = "MainMethodApp", "MainMethodApp\MainMethodApp.csproj", "{C1727E31-770C-4ED6-9D03-AEB6EFBBEDDD}"
EndProject
Global
	GlobalSection(SolutionConfigurationPlatforms) = preSolution
		Debug|Any CPU = Debug|Any CPU
		Release|Any CPU = Release|Any CPU
	EndGlobalSection
	GlobalSection(ProjectConfigurationPlatforms) = postSolution
		{C1727E31-770C-4ED6-9D03-AEB6EFBBEDDD}.Debug|Any CPU.ActiveCfg = Debug|Any CPU
		{C1727E31-770C-4ED6-9D03-AEB6EFBBEDDD}.Debug|Any CPU.Build.0 = Debug|Any CPU
		{C1727E31-770C-4ED6-9D03-AEB6EFBBEDDD}.Release|Any CPU.ActiveCfg = Release|Any CPU
		{C1727E31-770C-4ED6-9D03-AEB6EFBBEDDD}.Release|Any CPU.Build.0 = Release|Any CPU
	EndGlobalSection
	GlobalSection(SolutionProperties) = preSolution
		HideSolutionNode = FALSE
	EndGlobalSection
	GlobalSection(ExtensibilityGlobals) = postSolution
		SolutionGuid = {2691AC5B-AEF9-4F99-B51E-F25ED91A98B2}
	EndGlobalSection
EndGlobal
